// !$*UTF8*$!
{
	archiveVersion = 1;
	classes = {
	};
	objectVersion = 50;
	objects = {

/* Begin PBXBuildFile section */
		1DB42FC023EC8C2B00BFC5FA /* AppDelegate.swift in Sources */ = {isa = PBXBuildFile; fileRef = 1DB42FBF23EC8C2B00BFC5FA /* AppDelegate.swift */; };
		1DB42FC223EC8C2B00BFC5FA /* SceneDelegate.swift in Sources */ = {isa = PBXBuildFile; fileRef = 1DB42FC123EC8C2B00BFC5FA /* SceneDelegate.swift */; };
		1DB42FC423EC8C2B00BFC5FA /* ToDoListViewController.swift in Sources */ = {isa = PBXBuildFile; fileRef = 1DB42FC323EC8C2B00BFC5FA /* ToDoListViewController.swift */; };
		1DB42FC723EC8C2B00BFC5FA /* Main.storyboard in Resources */ = {isa = PBXBuildFile; fileRef = 1DB42FC523EC8C2B00BFC5FA /* Main.storyboard */; };
		1DB42FC923EC8C2D00BFC5FA /* Assets.xcassets in Resources */ = {isa = PBXBuildFile; fileRef = 1DB42FC823EC8C2D00BFC5FA /* Assets.xcassets */; };
		1DB42FCC23EC8C2D00BFC5FA /* LaunchScreen.storyboard in Resources */ = {isa = PBXBuildFile; fileRef = 1DB42FCA23EC8C2D00BFC5FA /* LaunchScreen.storyboard */; };
		1DB4303423ECAE3000BFC5FA /* ToDoDetailTableViewController.swift in Sources */ = {isa = PBXBuildFile; fileRef = 1DB4303323ECAE3000BFC5FA /* ToDoDetailTableViewController.swift */; };
/* End PBXBuildFile section */

/* Begin PBXFileReference section */
		1DB42FBC23EC8C2B00BFC5FA /* to do list.app */ = {isa = PBXFileReference; explicitFileType = wrapper.application; includeInIndex = 0; path = "to do list.app"; sourceTree = BUILT_PRODUCTS_DIR; };
		1DB42FBF23EC8C2B00BFC5FA /* AppDelegate.swift */ = {isa = PBXFileReference; lastKnownFileType = sourcecode.swift; path = AppDelegate.swift; sourceTree = "<group>"; };
		1DB42FC123EC8C2B00BFC5FA /* SceneDelegate.swift */ = {isa = PBXFileReference; lastKnownFileType = sourcecode.swift; path = SceneDelegate.swift; sourceTree = "<group>"; };
		1DB42FC323EC8C2B00BFC5FA /* ToDoListViewController.swift */ = {isa = PBXFileReference; lastKnownFileType = sourcecode.swift; path = ToDoListViewController.swift; sourceTree = "<group>"; };
		1DB42FC623EC8C2B00BFC5FA /* Base */ = {isa = PBXFileReference; lastKnownFileType = file.storyboard; name = Base; path = Base.lproj/Main.storyboard; sourceTree = "<group>"; };
		1DB42FC823EC8C2D00BFC5FA /* Assets.xcassets */ = {isa = PBXFileReference; lastKnownFileType = folder.assetcatalog; path = Assets.xcassets; sourceTree = "<group>"; };
		1DB42FCB23EC8C2D00BFC5FA /* Base */ = {isa = PBXFileReference; lastKnownFileType = file.storyboard; name = Base; path = Base.lproj/LaunchScreen.storyboard; sourceTree = "<group>"; };
		1DB42FCD23EC8C2D00BFC5FA /* Info.plist */ = {isa = PBXFileReference; lastKnownFileType = text.plist.xml; path = Info.plist; sourceTree = "<group>"; };
		1DB4303323ECAE3000BFC5FA /* ToDoDetailTableViewController.swift */ = {isa = PBXFileReference; lastKnownFileType = sourcecode.swift; path = ToDoDetailTableViewController.swift; sourceTree = "<group>"; };
/* End PBXFileReference section */

/* Begin PBXFrameworksBuildPhase section */
		1DB42FB923EC8C2B00BFC5FA /* Frameworks */ = {
			isa = PBXFrameworksBuildPhase;
			buildActionMask = 2147483647;
			files = (
			);
			runOnlyForDeploymentPostprocessing = 0;
		};
/* End PBXFrameworksBuildPhase section */

/* Begin PBXGroup section */
		1DB42FB323EC8C2B00BFC5FA = {
			isa = PBXGroup;
			children = (
				1DB42FBE23EC8C2B00BFC5FA /* to do list */,
				1DB42FBD23EC8C2B00BFC5FA /* Products */,
			);
			sourceTree = "<group>";
		};
		1DB42FBD23EC8C2B00BFC5FA /* Products */ = {
			isa = PBXGroup;
			children = (
				1DB42FBC23EC8C2B00BFC5FA /* to do list.app */,
			);
			name = Products;
			sourceTree = "<group>";
		};
		1DB42FBE23EC8C2B00BFC5FA /* to do list */ = {
			isa = PBXGroup;
			children = (
				1DB42FBF23EC8C2B00BFC5FA /* AppDelegate.swift */,
				1DB42FC123EC8C2B00BFC5FA /* SceneDelegate.swift */,
				1DB42FC323EC8C2B00BFC5FA /* ToDoListViewController.swift */,
				1DB4303323ECAE3000BFC5FA /* ToDoDetailTableViewController.swift */,
				1DB42FC823EC8C2D00BFC5FA /* Assets.xcassets */,
				1DB42FC523EC8C2B00BFC5FA /* Main.storyboard */,
				1DB42FCA23EC8C2D00BFC5FA /* LaunchScreen.storyboard */,
				1DB42FCD23EC8C2D00BFC5FA /* Info.plist */,
			);
			path = "to do list";
			sourceTree = "<group>";
		};
/* End PBXGroup section */

/* Begin PBXNativeTarget section */
		1DB42FBB23EC8C2B00BFC5FA /* to do list */ = {
			isa = PBXNativeTarget;
			buildConfigurationList = 1DB42FD023EC8C2D00BFC5FA /* Build configuration list for PBXNativeTarget "to do list" */;
			buildPhases = (
				1DB42FB823EC8C2B00BFC5FA /* Sources */,
				1DB42FB923EC8C2B00BFC5FA /* Frameworks */,
				1DB42FBA23EC8C2B00BFC5FA /* Resources */,
			);
			buildRules = (
			);
			dependencies = (
			);
			name = "to do list";
			productName = "to do list";
			productReference = 1DB42FBC23EC8C2B00BFC5FA /* to do list.app */;
			productType = "com.apple.product-type.application";
		};
/* End PBXNativeTarget section */

/* Begin PBXProject section */
		1DB42FB423EC8C2B00BFC5FA /* Project object */ = {
			isa = PBXProject;
			attributes = {
				LastSwiftUpdateCheck = 1130;
				LastUpgradeCheck = 1130;
				ORGANIZATIONNAME = "cheng jiayi";
				TargetAttributes = {
					1DB42FBB23EC8C2B00BFC5FA = {
						CreatedOnToolsVersion = 11.3.1;
					};
				};
			};
			buildConfigurationList = 1DB42FB723EC8C2B00BFC5FA /* Build configuration list for PBXProject "to do list" */;
			compatibilityVersion = "Xcode 9.3";
			developmentRegion = en;
			hasScannedForEncodings = 0;
			knownRegions = (
				en,
				Base,
			);
			mainGroup = 1DB42FB323EC8C2B00BFC5FA;
			productRefGroup = 1DB42FBD23EC8C2B00BFC5FA /* Products */;
			projectDirPath = "";
			projectRoot = "";
			targets = (
				1DB42FBB23EC8C2B00BFC5FA /* to do list */,
			);
		};
/* End PBXProject section */

/* Begin PBXResourcesBuildPhase section */
		1DB42FBA23EC8C2B00BFC5FA /* Resources */ = {
			isa = PBXResourcesBuildPhase;
			buildActionMask = 2147483647;
			files = (
				1DB42FCC23EC8C2D00BFC5FA /* LaunchScreen.storyboard in Resources */,
				1DB42FC923EC8C2D00BFC5FA /* Assets.xcassets in Resources */,
				1DB42FC723EC8C2B00BFC5FA /* Main.storyboard in Resources */,
			);
			runOnlyForDeploymentPostprocessing = 0;
		};
/* End PBXResourcesBuildPhase section */

/* Begin PBXSourcesBuildPhase section */
		1DB42FB823EC8C2B00BFC5FA /* Sources */ = {
			isa = PBXSourcesBuildPhase;
			buildActionMask = 2147483647;
			files = (
				1DB42FC423EC8C2B00BFC5FA /* ToDoListViewController.swift in Sources */,
				1DB42FC023EC8C2B00BFC5FA /* AppDelegate.swift in Sources */,
				1DB4303423ECAE3000BFC5FA /* ToDoDetailTableViewController.swift in Sources */,
				1DB42FC223EC8C2B00BFC5FA /* SceneDelegate.swift in Sources */,
			);
			runOnlyForDeploymentPostprocessing = 0;
		};
/* End PBXSourcesBuildPhase section */

/* Begin PBXVariantGroup section */
		1DB42FC523EC8C2B00BFC5FA /* Main.storyboard */ = {
			isa = PBXVariantGroup;
			children = (
				1DB42FC623EC8C2B00BFC5FA /* Base */,
			);
			name = Main.storyboard;
			sourceTree = "<group>";
		};
		1DB42FCA23EC8C2D00BFC5FA /* LaunchScreen.storyboard */ = {
			isa = PBXVariantGroup;
			children = (
				1DB42FCB23EC8C2D00BFC5FA /* Base */,
			);
			name = LaunchScreen.storyboard;
			sourceTree = "<group>";
		};
/* End PBXVariantGroup section */

/* Begin XCBuildConfiguration section */
		1DB42FCE23EC8C2D00BFC5FA /* Debug */ = {
			isa = XCBuildConfiguration;
			buildSettings = {
				ALWAYS_SEARCH_USER_PATHS = NO;
				CLANG_ANALYZER_NONNULL = YES;
				CLANG_ANALYZER_NUMBER_OBJECT_CONVERSION = YES_AGGRESSIVE;
				CLANG_CXX_LANGUAGE_STANDARD = "gnu++14";
				CLANG_CXX_LIBRARY = "libc++";
				CLANG_ENABLE_MODULES = YES;
				CLANG_ENABLE_OBJC_ARC = YES;
				CLANG_ENABLE_OBJC_WEAK = YES;
				CLANG_WARN_BLOCK_CAPTURE_AUTORELEASING = YES;
				CLANG_WARN_BOOL_CONVERSION = YES;
				CLANG_WARN_COMMA = YES;
				CLANG_WARN_CONSTANT_CONVERSION = YES;
				CLANG_WARN_DEPRECATED_OBJC_IMPLEMENTATIONS = YES;
				CLANG_WARN_DIRECT_OBJC_ISA_USAGE = YES_ERROR;
				CLANG_WARN_DOCUMENTATION_COMMENTS = YES;
				CLANG_WARN_EMPTY_BODY = YES;
				CLANG_WARN_ENUM_CONVERSION = YES;
				CLANG_WARN_INFINITE_RECURSION = YES;
				CLANG_WARN_INT_CONVERSION = YES;
				CLANG_WARN_NON_LITERAL_NULL_CONVERSION = YES;
				CLANG_WARN_OBJC_IMPLICIT_RETAIN_SELF = YES;
				CLANG_WARN_OBJC_LITERAL_CONVERSION = YES;
				CLANG_WARN_OBJC_ROOT_CLASS = YES_ERROR;
				CLANG_WARN_RANGE_LOOP_ANALYSIS = YES;
				CLANG_WARN_STRICT_PROTOTYPES = YES;
				CLANG_WARN_SUSPICIOUS_MOVE = YES;
				CLANG_WARN_UNGUARDED_AVAILABILITY = YES_AGGRESSIVE;
				CLANG_WARN_UNREACHABLE_CODE = YES;
				CLANG_WARN__DUPLICATE_METHOD_MATCH = YES;
				COPY_PHASE_STRIP = NO;
				DEBUG_INFORMATION_FORMAT = dwarf;
				ENABLE_STRICT_OBJC_MSGSEND = YES;
				ENABLE_TESTABILITY = YES;
				GCC_C_LANGUAGE_STANDARD = gnu11;
				GCC_DYNAMIC_NO_PIC = NO;
				GCC_NO_COMMON_BLOCKS = YES;
				GCC_OPTIMIZATION_LEVEL = 0;
				GCC_PREPROCESSOR_DEFINITIONS = (
					"DEBUG=1",
					"$(inherited)",
				);
				GCC_WARN_64_TO_32_BIT_CONVERSION = YES;
				GCC_WARN_ABOUT_RETURN_TYPE = YES_ERROR;
				GCC_WARN_UNDECLARED_SELECTOR = YES;
				GCC_WARN_UNINITIALIZED_AUTOS = YES_AGGRESSIVE;
				GCC_WARN_UNUSED_FUNCTION = YES;
				GCC_WARN_UNUSED_VARIABLE = YES;
				IPHONEOS_DEPLOYMENT_TARGET = 13.2;
				MTL_ENABLE_DEBUG_INFO = INCLUDE_SOURCE;
				MTL_FAST_MATH = YES;
				ONLY_ACTIVE_ARCH = YES;
				SDKROOT = iphoneos;
				SWIFT_ACTIVE_COMPILATION_CONDITIONS = DEBUG;
				SWIFT_OPTIMIZATION_LEVEL = "-Onone";
			};
			name = Debug;
		};
		1DB42FCF23EC8C2D00BFC5FA /* Release */ = {
			isa = XCBuildConfiguration;
			buildSettings = {
				ALWAYS_SEARCH_USER_PATHS = NO;
				CLANG_ANALYZER_NONNULL = YES;
				CLANG_ANALYZER_NUMBER_OBJECT_CONVERSION = YES_AGGRESSIVE;
				CLANG_CXX_LANGUAGE_STANDARD = "gnu++14";
				CLANG_CXX_LIBRARY = "libc++";
				CLANG_ENABLE_MODULES = YES;
				CLANG_ENABLE_OBJC_ARC = YES;
				CLANG_ENABLE_OBJC_WEAK = YES;
				CLANG_WARN_BLOCK_CAPTURE_AUTORELEASING = YES;
				CLANG_WARN_BOOL_CONVERSION = YES;
				CLANG_WARN_COMMA = YES;
				CLANG_WARN_CONSTANT_CONVERSION = YES;
				CLANG_WARN_DEPRECATED_OBJC_IMPLEMENTATIONS = YES;
				CLANG_WARN_DIRECT_OBJC_ISA_USAGE = YES_ERROR;
				CLANG_WARN_DOCUMENTATION_COMMENTS = YES;
				CLANG_WARN_EMPTY_BODY = YES;
				CLANG_WARN_ENUM_CONVERSION = YES;
				CLANG_WARN_INFINITE_RECURSION = YES;
				CLANG_WARN_INT_CONVERSION = YES;
				CLANG_WARN_NON_LITERAL_NULL_CONVERSION = YES;
				CLANG_WARN_OBJC_IMPLICIT_RETAIN_SELF = YES;
				CLANG_WARN_OBJC_LITERAL_CONVERSION = YES;
				CLANG_WARN_OBJC_ROOT_CLASS = YES_ERROR;
				CLANG_WARN_RANGE_LOOP_ANALYSIS = YES;
				CLANG_WARN_STRICT_PROTOTYPES = YES;
				CLANG_WARN_SUSPICIOUS_MOVE = YES;
				CLANG_WARN_UNGUARDED_AVAILABILITY = YES_AGGRESSIVE;
				CLANG_WARN_UNREACHABLE_CODE = YES;
				CLANG_WARN__DUPLICATE_METHOD_MATCH = YES;
				COPY_PHASE_STRIP = NO;
				DEBUG_INFORMATION_FORMAT = "dwarf-with-dsym";
				ENABLE_NS_ASSERTIONS = NO;
				ENABLE_STRICT_OBJC_MSGSEND = YES;
				GCC_C_LANGUAGE_STANDARD = gnu11;
				GCC_NO_COMMON_BLOCKS = YES;
				GCC_WARN_64_TO_32_BIT_CONVERSION = YES;
				GCC_WARN_ABOUT_RETURN_TYPE = YES_ERROR;
				GCC_WARN_UNDECLARED_SELECTOR = YES;
				GCC_WARN_UNINITIALIZED_AUTOS = YES_AGGRESSIVE;
				GCC_WARN_UNUSED_FUNCTION = YES;
				GCC_WARN_UNUSED_VARIABLE = YES;
				IPHONEOS_DEPLOYMENT_TARGET = 13.2;
				MTL_ENABLE_DEBUG_INFO = NO;
				MTL_FAST_MATH = YES;
				SDKROOT = iphoneos;
				SWIFT_COMPILATION_MODE = wholemodule;
				SWIFT_OPTIMIZATION_LEVEL = "-O";
				VALIDATE_PRODUCT = YES;
			};
			name = Release;
		};
		1DB42FD123EC8C2D00BFC5FA /* Debug */ = {
			isa = XCBuildConfiguration;
			buildSettings = {
				ASSETCATALOG_COMPILER_APPICON_NAME = AppIcon;
				CODE_SIGN_STYLE = Automatic;
				INFOPLIST_FILE = "to do list/Info.plist";
				LD_RUNPATH_SEARCH_PATHS = (
					"$(inherited)",
					"@executable_path/Frameworks",
				);
				PRODUCT_BUNDLE_IDENTIFIER = "new.to-do-list";
				PRODUCT_NAME = "$(TARGET_NAME)";
				SWIFT_VERSION = 5.0;
				TARGETED_DEVICE_FAMILY = "1,2";
			};
			name = Debug;
		};
		1DB42FD223EC8C2D00BFC5FA /* Release */ = {
			isa = XCBuildConfiguration;
			buildSettings = {
				ASSETCATALOG_COMPILER_APPICON_NAME = AppIcon;
				CODE_SIGN_STYLE = Automatic;
				INFOPLIST_FILE = "to do list/Info.plist";
				LD_RUNPATH_SEARCH_PATHS = (
					"$(inherited)",
					"@executable_path/Frameworks",
				);
				PRODUCT_BUNDLE_IDENTIFIER = "new.to-do-list";
				PRODUCT_NAME = "$(TARGET_NAME)";
				SWIFT_VERSION = 5.0;
				TARGETED_DEVICE_FAMILY = "1,2";
			};
			name = Release;
		};
/* End XCBuildConfiguration section */

/* Begin XCConfigurationList section */
		1DB42FB723EC8C2B00BFC5FA /* Build configuration list for PBXProject "to do list" */ = {
			isa = XCConfigurationList;
			buildConfigurations = (
				1DB42FCE23EC8C2D00BFC5FA /* Debug */,
				1DB42FCF23EC8C2D00BFC5FA /* Release */,
			);
			defaultConfigurationIsVisible = 0;
			defaultConfigurationName = Release;
		};
		1DB42FD023EC8C2D00BFC5FA /* Build configuration list for PBXNativeTarget "to do list" */ = {
			isa = XCConfigurationList;
			buildConfigurations = (
				1DB42FD123EC8C2D00BFC5FA /* Debug */,
				1DB42FD223EC8C2D00BFC5FA /* Release */,
			);
			defaultConfigurationIsVisible = 0;
			defaultConfigurationName = Release;
		};
/* End XCConfigurationList section */
	};
	rootObject = 1DB42FB423EC8C2B00BFC5FA /* Project object */;
}
